
Microsoft Visual Studio Solution File, Format Version 12.00
Project("{FAE04EC0-301F-11D3-BF4B-00C04F79EFBC}") = "PFScrapper", "PFScrapper\PFScrapper.csproj", "{67597569-D874-44EF-B26D-5F85671AEEFB}"
EndProject
Project("{FAE04EC0-301F-11D3-BF4B-00C04F79EFBC}") = "PFFeatTree", "PFFeatTree\PFFeatTree.csproj", "{274570CE-69F6-404A-A9E4-AA4D4AF75665}"
EndProject
Project("{FAE04EC0-301F-11D3-BF4B-00C04F79EFBC}") = "PFFeatTree.Tests", "PFFeatTree.Tests\PFFeatTree.Tests.csproj", "{B8ACCC6D-ABDD-487F-B493-371FFBDF4707}"
EndProject
Global
	GlobalSection(SolutionConfigurationPlatforms) = preSolution
		Debug|Any CPU = Debug|Any CPU
		Release|Any CPU = Release|Any CPU
	EndGlobalSection
	GlobalSection(ProjectConfigurationPlatforms) = postSolution
		{67597569-D874-44EF-B26D-5F85671AEEFB}.Debug|Any CPU.ActiveCfg = Debug|Any CPU
		{67597569-D874-44EF-B26D-5F85671AEEFB}.Debug|Any CPU.Build.0 = Debug|Any CPU
		{67597569-D874-44EF-B26D-5F85671AEEFB}.Release|Any CPU.ActiveCfg = Release|Any CPU
		{67597569-D874-44EF-B26D-5F85671AEEFB}.Release|Any CPU.Build.0 = Release|Any CPU
		{274570CE-69F6-404A-A9E4-AA4D4AF75665}.Debug|Any CPU.ActiveCfg = Debug|Any CPU
		{274570CE-69F6-404A-A9E4-AA4D4AF75665}.Debug|Any CPU.Build.0 = Debug|Any CPU
		{274570CE-69F6-404A-A9E4-AA4D4AF75665}.Release|Any CPU.ActiveCfg = Release|Any CPU
		{274570CE-69F6-404A-A9E4-AA4D4AF75665}.Release|Any CPU.Build.0 = Release|Any CPU
		{B8ACCC6D-ABDD-487F-B493-371FFBDF4707}.Debug|Any CPU.ActiveCfg = Debug|Any CPU
		{B8ACCC6D-ABDD-487F-B493-371FFBDF4707}.Debug|Any CPU.Build.0 = Debug|Any CPU
		{B8ACCC6D-ABDD-487F-B493-371FFBDF4707}.Release|Any CPU.ActiveCfg = Release|Any CPU
		{B8ACCC6D-ABDD-487F-B493-371FFBDF4707}.Release|Any CPU.Build.0 = Release|Any CPU
	EndGlobalSection
EndGlobal
